
Microsoft Visual Studio Solution File, Format Version 12.00
# Visual Studio Version 16
VisualStudioVersion = 16.0.30011.22
MinimumVisualStudioVersion = 10.0.40219.1
Project("{FAE04EC0-301F-11D3-BF4B-00C04F79EFBC}") = "Kraken", "Kraken\Kraken.csproj", "{03DFD79E-C68F-4D27-979F-721E9EC193AE}"
EndProject
Project("{9A19103F-16F7-4668-BE54-9A1E7A4F7556}") = "Kraken.Engine", "Kraken.Engine\Kraken.Engine.csproj", "{1A05B716-8357-4E9A-AC88-2E03A5E49875}"
EndProject
Project("{FAE04EC0-301F-11D3-BF4B-00C04F79EFBC}") = "Kraken.Test", "Kraken.Test\Kraken.Test.csproj", "{D0B56F80-6A70-480E-AE0E-6762B74112C9}"
EndProject
Global
	GlobalSection(SolutionConfigurationPlatforms) = preSolution
		Debug|Any CPU = Debug|Any CPU
		Release|Any CPU = Release|Any CPU
	EndGlobalSection
	GlobalSection(ProjectConfigurationPlatforms) = postSolution
		{03DFD79E-C68F-4D27-979F-721E9EC193AE}.Debug|Any CPU.ActiveCfg = Debug|Any CPU
		{03DFD79E-C68F-4D27-979F-721E9EC193AE}.Debug|Any CPU.Build.0 = Debug|Any CPU
		{03DFD79E-C68F-4D27-979F-721E9EC193AE}.Release|Any CPU.ActiveCfg = Release|Any CPU
		{03DFD79E-C68F-4D27-979F-721E9EC193AE}.Release|Any CPU.Build.0 = Release|Any CPU
		{1A05B716-8357-4E9A-AC88-2E03A5E49875}.Debug|Any CPU.ActiveCfg = Debug|Any CPU
		{1A05B716-8357-4E9A-AC88-2E03A5E49875}.Debug|Any CPU.Build.0 = Debug|Any CPU
		{1A05B716-8357-4E9A-AC88-2E03A5E49875}.Release|Any CPU.ActiveCfg = Release|Any CPU
		{1A05B716-8357-4E9A-AC88-2E03A5E49875}.Release|Any CPU.Build.0 = Release|Any CPU
		{D0B56F80-6A70-480E-AE0E-6762B74112C9}.Debug|Any CPU.ActiveCfg = Debug|Any CPU
		{D0B56F80-6A70-480E-AE0E-6762B74112C9}.Debug|Any CPU.Build.0 = Debug|Any CPU
		{D0B56F80-6A70-480E-AE0E-6762B74112C9}.Release|Any CPU.ActiveCfg = Release|Any CPU
		{D0B56F80-6A70-480E-AE0E-6762B74112C9}.Release|Any CPU.Build.0 = Release|Any CPU
	EndGlobalSection
	GlobalSection(SolutionProperties) = preSolution
		HideSolutionNode = FALSE
	EndGlobalSection
	GlobalSection(ExtensibilityGlobals) = postSolution
		SolutionGuid = {7B1A4DB7-9F48-40D6-946B-50D1C2E28030}
	EndGlobalSection
EndGlobal
